
Microsoft Visual Studio Solution File, Format Version 12.00
# Visual Studio Version 17
VisualStudioVersion = 17.10.35027.167
MinimumVisualStudioVersion = 10.0.40219.1
Project("{FAE04EC0-301F-11D3-BF4B-00C04F79EFBC}") = "MarketMapBuilder", "MarketMapBuilder\MarketMapBuilder.csproj", "{BD2FE9B6-9C57-4F83-8E3B-078DAE339C1E}"
EndProject
Global
	GlobalSection(SolutionConfigurationPlatforms) = preSolution
		Debug|Any CPU = Debug|Any CPU
		Release|Any CPU = Release|Any CPU
	EndGlobalSection
	GlobalSection(ProjectConfigurationPlatforms) = postSolution
		{BD2FE9B6-9C57-4F83-8E3B-078DAE339C1E}.Debug|Any CPU.ActiveCfg = Debug|Any CPU
		{BD2FE9B6-9C57-4F83-8E3B-078DAE339C1E}.Debug|Any CPU.Build.0 = Debug|Any CPU
		{BD2FE9B6-9C57-4F83-8E3B-078DAE339C1E}.Release|Any CPU.ActiveCfg = Release|Any CPU
		{BD2FE9B6-9C57-4F83-8E3B-078DAE339C1E}.Release|Any CPU.Build.0 = Release|Any CPU
	EndGlobalSection
	GlobalSection(SolutionProperties) = preSolution
		HideSolutionNode = FALSE
	EndGlobalSection
	GlobalSection(ExtensibilityGlobals) = postSolution
		SolutionGuid = {4CFA7A17-C562-4280-B6B4-799855D00C0C}
	EndGlobalSection
EndGlobal
